
Microsoft Visual Studio Solution File, Format Version 12.00
# Visual Studio Version 17
VisualStudioVersion = 17.11.35222.181
MinimumVisualStudioVersion = 10.0.40219.1
Project("{FAE04EC0-301F-11D3-BF4B-00C04F79EFBC}") = "MyStore-WPF-ArrayList", "MyStore-WPF-ArrayList\MyStore-WPF-ArrayList.csproj", "{02491F48-5CCA-4BC6-8319-23EB9BCA73A7}"
EndProject
Project("{FAE04EC0-301F-11D3-BF4B-00C04F79EFBC}") = "Business_Objects", "Business_Objects\Business_Objects.csproj", "{AF4ECEEC-7D5B-446A-AB81-AA77E005BB71}"
EndProject
Project("{FAE04EC0-301F-11D3-BF4B-00C04F79EFBC}") = "DataAccessLayer", "DataAccessLayer\DataAccessLayer.csproj", "{7FD1900C-3114-4D47-84FF-ABB5029677C8}"
EndProject
Project("{FAE04EC0-301F-11D3-BF4B-00C04F79EFBC}") = "Repositories", "Repositories\Repositories.csproj", "{1065E867-D33C-4758-ADC2-2D953CF63262}"
EndProject
Project("{FAE04EC0-301F-11D3-BF4B-00C04F79EFBC}") = "Services", "Services\Services.csproj", "{2E3BD21A-0298-4DDF-B66E-F3A5C7AA54EF}"
EndProject
Global
	GlobalSection(SolutionConfigurationPlatforms) = preSolution
		Debug|Any CPU = Debug|Any CPU
		Release|Any CPU = Release|Any CPU
	EndGlobalSection
	GlobalSection(ProjectConfigurationPlatforms) = postSolution
		{02491F48-5CCA-4BC6-8319-23EB9BCA73A7}.Debug|Any CPU.ActiveCfg = Debug|Any CPU
		{02491F48-5CCA-4BC6-8319-23EB9BCA73A7}.Debug|Any CPU.Build.0 = Debug|Any CPU
		{02491F48-5CCA-4BC6-8319-23EB9BCA73A7}.Release|Any CPU.ActiveCfg = Release|Any CPU
		{02491F48-5CCA-4BC6-8319-23EB9BCA73A7}.Release|Any CPU.Build.0 = Release|Any CPU
		{AF4ECEEC-7D5B-446A-AB81-AA77E005BB71}.Debug|Any CPU.ActiveCfg = Debug|Any CPU
		{AF4ECEEC-7D5B-446A-AB81-AA77E005BB71}.Debug|Any CPU.Build.0 = Debug|Any CPU
		{AF4ECEEC-7D5B-446A-AB81-AA77E005BB71}.Release|Any CPU.ActiveCfg = Release|Any CPU
		{AF4ECEEC-7D5B-446A-AB81-AA77E005BB71}.Release|Any CPU.Build.0 = Release|Any CPU
		{7FD1900C-3114-4D47-84FF-ABB5029677C8}.Debug|Any CPU.ActiveCfg = Debug|Any CPU
		{7FD1900C-3114-4D47-84FF-ABB5029677C8}.Debug|Any CPU.Build.0 = Debug|Any CPU
		{7FD1900C-3114-4D47-84FF-ABB5029677C8}.Release|Any CPU.ActiveCfg = Release|Any CPU
		{7FD1900C-3114-4D47-84FF-ABB5029677C8}.Release|Any CPU.Build.0 = Release|Any CPU
		{1065E867-D33C-4758-ADC2-2D953CF63262}.Debug|Any CPU.ActiveCfg = Debug|Any CPU
		{1065E867-D33C-4758-ADC2-2D953CF63262}.Debug|Any CPU.Build.0 = Debug|Any CPU
		{1065E867-D33C-4758-ADC2-2D953CF63262}.Release|Any CPU.ActiveCfg = Release|Any CPU
		{1065E867-D33C-4758-ADC2-2D953CF63262}.Release|Any CPU.Build.0 = Release|Any CPU
		{2E3BD21A-0298-4DDF-B66E-F3A5C7AA54EF}.Debug|Any CPU.ActiveCfg = Debug|Any CPU
		{2E3BD21A-0298-4DDF-B66E-F3A5C7AA54EF}.Debug|Any CPU.Build.0 = Debug|Any CPU
		{2E3BD21A-0298-4DDF-B66E-F3A5C7AA54EF}.Release|Any CPU.ActiveCfg = Release|Any CPU
		{2E3BD21A-0298-4DDF-B66E-F3A5C7AA54EF}.Release|Any CPU.Build.0 = Release|Any CPU
	EndGlobalSection
	GlobalSection(SolutionProperties) = preSolution
		HideSolutionNode = FALSE
	EndGlobalSection
	GlobalSection(ExtensibilityGlobals) = postSolution
		SolutionGuid = {3E482CE6-60E0-4D1F-B6FB-47ACC264EDAB}
	EndGlobalSection
EndGlobal
